// !$*UTF8*$!
{
	archiveVersion = 1;
	classes = {
	};
	objectVersion = 46;
	objects = {

/* Begin PBXBuildFile section */
		F1DE991415CF63F10094740D /* main.c in Sources */ = {isa = PBXBuildFile; fileRef = F1DE991315CF63F10094740D /* main.c */; };
		F1DE991615CF63F10094740D /* project_euler_problem_1.1 in CopyFiles */ = {isa = PBXBuildFile; fileRef = F1DE991515CF63F10094740D /* project_euler_problem_1.1 */; };
/* End PBXBuildFile section */

/* Begin PBXCopyFilesBuildPhase section */
		F1DE990D15CF63F10094740D /* CopyFiles */ = {
			isa = PBXCopyFilesBuildPhase;
			buildActionMask = 2147483647;
			dstPath = /usr/share/man/man1/;
			dstSubfolderSpec = 0;
			files = (
				F1DE991615CF63F10094740D /* project_euler_problem_1.1 in CopyFiles */,
			);
			runOnlyForDeploymentPostprocessing = 1;
		};
/* End PBXCopyFilesBuildPhase section */

/* Begin PBXFileReference section */
		F1DE990F15CF63F10094740D /* project euler problem 1 */ = {isa = PBXFileReference; explicitFileType = "compiled.mach-o.executable"; includeInIndex = 0; path = "project euler problem 1"; sourceTree = BUILT_PRODUCTS_DIR; };
		F1DE991315CF63F10094740D /* main.c */ = {isa = PBXFileReference; lastKnownFileType = sourcecode.c.c; path = main.c; sourceTree = "<group>"; };
		F1DE991515CF63F10094740D /* project_euler_problem_1.1 */ = {isa = PBXFileReference; lastKnownFileType = text.man; path = project_euler_problem_1.1; sourceTree = "<group>"; };
/* End PBXFileReference section */

/* Begin PBXFrameworksBuildPhase section */
		F1DE990C15CF63F10094740D /* Frameworks */ = {
			isa = PBXFrameworksBuildPhase;
			buildActionMask = 2147483647;
			files = (
			);
			runOnlyForDeploymentPostprocessing = 0;
		};
/* End PBXFrameworksBuildPhase section */

/* Begin PBXGroup section */
		F1DE990415CF63F10094740D = {
			isa = PBXGroup;
			children = (
				F1DE991215CF63F10094740D /* project euler problem 1 */,
				F1DE991015CF63F10094740D /* Products */,
			);
			sourceTree = "<group>";
		};
		F1DE991015CF63F10094740D /* Products */ = {
			isa = PBXGroup;
			children = (
				F1DE990F15CF63F10094740D /* project euler problem 1 */,
			);
			name = Products;
			sourceTree = "<group>";
		};
		F1DE991215CF63F10094740D /* project euler problem 1 */ = {
			isa = PBXGroup;
			children = (
				F1DE991315CF63F10094740D /* main.c */,
				F1DE991515CF63F10094740D /* project_euler_problem_1.1 */,
			);
			path = "project euler problem 1";
			sourceTree = "<group>";
		};
/* End PBXGroup section */

/* Begin PBXNativeTarget section */
		F1DE990E15CF63F10094740D /* project euler problem 1 */ = {
			isa = PBXNativeTarget;
			buildConfigurationList = F1DE991915CF63F10094740D /* Build configuration list for PBXNativeTarget "project euler problem 1" */;
			buildPhases = (
				F1DE990B15CF63F10094740D /* Sources */,
				F1DE990C15CF63F10094740D /* Frameworks */,
				F1DE990D15CF63F10094740D /* CopyFiles */,
			);
			buildRules = (
			);
			dependencies = (
			);
			name = "project euler problem 1";
			productName = "project euler problem 1";
			productReference = F1DE990F15CF63F10094740D /* project euler problem 1 */;
			productType = "com.apple.product-type.tool";
		};
/* End PBXNativeTarget section */

/* Begin PBXProject section */
		F1DE990615CF63F10094740D /* Project object */ = {
			isa = PBXProject;
			attributes = {
				LastUpgradeCheck = 0440;
				ORGANIZATIONNAME = "Justin Zollars";
			};
			buildConfigurationList = F1DE990915CF63F10094740D /* Build configuration list for PBXProject "project euler problem 1" */;
			compatibilityVersion = "Xcode 3.2";
			developmentRegion = English;
			hasScannedForEncodings = 0;
			knownRegions = (
				en,
			);
			mainGroup = F1DE990415CF63F10094740D;
			productRefGroup = F1DE991015CF63F10094740D /* Products */;
			projectDirPath = "";
			projectRoot = "";
			targets = (
				F1DE990E15CF63F10094740D /* project euler problem 1 */,
			);
		};
/* End PBXProject section */

/* Begin PBXSourcesBuildPhase section */
		F1DE990B15CF63F10094740D /* Sources */ = {
			isa = PBXSourcesBuildPhase;
			buildActionMask = 2147483647;
			files = (
				F1DE991415CF63F10094740D /* main.c in Sources */,
			);
			runOnlyForDeploymentPostprocessing = 0;
		};
/* End PBXSourcesBuildPhase section */

/* Begin XCBuildConfiguration section */
		F1DE991715CF63F10094740D /* Debug */ = {
			isa = XCBuildConfiguration;
			buildSettings = {
				ALWAYS_SEARCH_USER_PATHS = NO;
				ARCHS = "$(ARCHS_STANDARD_64_BIT)";
				CLANG_CXX_LANGUAGE_STANDARD = "gnu++0x";
				CLANG_ENABLE_OBJC_ARC = YES;
				CLANG_WARN__DUPLICATE_METHOD_MATCH = YES;
				COPY_PHASE_STRIP = NO;
				GCC_C_LANGUAGE_STANDARD = gnu99;
				GCC_DYNAMIC_NO_PIC = NO;
				GCC_ENABLE_OBJC_EXCEPTIONS = YES;
				GCC_OPTIMIZATION_LEVEL = 0;
				GCC_PREPROCESSOR_DEFINITIONS = (
					"DEBUG=1",
					"$(inherited)",
				);
				GCC_SYMBOLS_PRIVATE_EXTERN = NO;
				GCC_WARN_64_TO_32_BIT_CONVERSION = YES;
				GCC_WARN_ABOUT_RETURN_TYPE = YES;
				GCC_WARN_UNINITIALIZED_AUTOS = YES;
				GCC_WARN_UNUSED_VARIABLE = YES;
				MACOSX_DEPLOYMENT_TARGET = 10.8;
				ONLY_ACTIVE_ARCH = YES;
				SDKROOT = macosx;
			};
			name = Debug;
		};
		F1DE991815CF63F10094740D /* Release */ = {
			isa = XCBuildConfiguration;
			buildSettings = {
				ALWAYS_SEARCH_USER_PATHS = NO;
				ARCHS = "$(ARCHS_STANDARD_64_BIT)";
				CLANG_CXX_LANGUAGE_STANDARD = "gnu++0x";
				CLANG_ENABLE_OBJC_ARC = YES;
				CLANG_WARN__DUPLICATE_METHOD_MATCH = YES;
				COPY_PHASE_STRIP = YES;
				DEBUG_INFORMATION_FORMAT = "dwarf-with-dsym";
				GCC_C_LANGUAGE_STANDARD = gnu99;
				GCC_ENABLE_OBJC_EXCEPTIONS = YES;
				GCC_WARN_64_TO_32_BIT_CONVERSION = YES;
				GCC_WARN_ABOUT_RETURN_TYPE = YES;
				GCC_WARN_UNINITIALIZED_AUTOS = YES;
				GCC_WARN_UNUSED_VARIABLE = YES;
				MACOSX_DEPLOYMENT_TARGET = 10.8;
				SDKROOT = macosx;
			};
			name = Release;
		};
		F1DE991A15CF63F10094740D /* Debug */ = {
			isa = XCBuildConfiguration;
			buildSettings = {
				PRODUCT_NAME = "$(TARGET_NAME)";
			};
			name = Debug;
		};
		F1DE991B15CF63F10094740D /* Release */ = {
			isa = XCBuildConfiguration;
			buildSettings = {
				PRODUCT_NAME = "$(TARGET_NAME)";
			};
			name = Release;
		};
/* End XCBuildConfiguration section */

/* Begin XCConfigurationList section */
		F1DE990915CF63F10094740D /* Build configuration list for PBXProject "project euler problem 1" */ = {
			isa = XCConfigurationList;
			buildConfigurations = (
				F1DE991715CF63F10094740D /* Debug */,
				F1DE991815CF63F10094740D /* Release */,
			);
			defaultConfigurationIsVisible = 0;
			defaultConfigurationName = Release;
		};
		F1DE991915CF63F10094740D /* Build configuration list for PBXNativeTarget "project euler problem 1" */ = {
			isa = XCConfigurationList;
			buildConfigurations = (
				F1DE991A15CF63F10094740D /* Debug */,
				F1DE991B15CF63F10094740D /* Release */,
			);
			defaultConfigurationIsVisible = 0;
		};
/* End XCConfigurationList section */
	};
	rootObject = F1DE990615CF63F10094740D /* Project object */;
}
